
Microsoft Visual Studio Solution File, Format Version 11.00
# Visual Studio 2010
Project("{FAE04EC0-301F-11D3-BF4B-00C04F79EFBC}") = "Day2Test2", "Day2Test2\Day2Test2.csproj", "{1CE45906-BBCB-4F96-836D-AF129A443604}"
EndProject
Global
	GlobalSection(SolutionConfigurationPlatforms) = preSolution
		Debug|Any CPU = Debug|Any CPU
		Release|Any CPU = Release|Any CPU
	EndGlobalSection
	GlobalSection(ProjectConfigurationPlatforms) = postSolution
		{1CE45906-BBCB-4F96-836D-AF129A443604}.Debug|Any CPU.ActiveCfg = Debug|Any CPU
		{1CE45906-BBCB-4F96-836D-AF129A443604}.Debug|Any CPU.Build.0 = Debug|Any CPU
		{1CE45906-BBCB-4F96-836D-AF129A443604}.Release|Any CPU.ActiveCfg = Release|Any CPU
		{1CE45906-BBCB-4F96-836D-AF129A443604}.Release|Any CPU.Build.0 = Release|Any CPU
	EndGlobalSection
	GlobalSection(MonoDevelopProperties) = preSolution
		StartupItem = Day2Test2\Day2Test2.csproj
	EndGlobalSection
EndGlobal
